// !$*UTF8*$!
{
	archiveVersion = 1;
	classes = {
	};
	objectVersion = 55;
	objects = {

/* Begin PBXBuildFile section */
		6C2F74B627BD372400F7AE6D /* FeatureFactory.swift in Sources */ = {isa = PBXBuildFile; fileRef = 6C2F74B527BD372400F7AE6D /* FeatureFactory.swift */; };
		700A191A27C4538B0093096C /* ViewCode.swift in Sources */ = {isa = PBXBuildFile; fileRef = 700A191827C4538B0093096C /* ViewCode.swift */; };
		700A192327C459600093096C /* GetRestaurantListUseCase.swift in Sources */ = {isa = PBXBuildFile; fileRef = 700A192227C459600093096C /* GetRestaurantListUseCase.swift */; };
		700A192527C459FA0093096C /* RestaurantListRepository.swift in Sources */ = {isa = PBXBuildFile; fileRef = 700A192427C459FA0093096C /* RestaurantListRepository.swift */; };
		700A192727C45A3E0093096C /* RestaurantListRepositoryImpl.swift in Sources */ = {isa = PBXBuildFile; fileRef = 700A192627C45A3E0093096C /* RestaurantListRepositoryImpl.swift */; };
		700A192927C45B040093096C /* RestaurantListDataSource.swift in Sources */ = {isa = PBXBuildFile; fileRef = 700A192827C45B040093096C /* RestaurantListDataSource.swift */; };
		700A192B27C45DCA0093096C /* RestaurantListApiDataSource.swift in Sources */ = {isa = PBXBuildFile; fileRef = 700A192A27C45DCA0093096C /* RestaurantListApiDataSource.swift */; };
		700A192D27C4603F0093096C /* RestaurantListConfigurator.swift in Sources */ = {isa = PBXBuildFile; fileRef = 700A192C27C4603F0093096C /* RestaurantListConfigurator.swift */; };
		703F950027BD7018009F93DF /* RestaurantListResponse.swift in Sources */ = {isa = PBXBuildFile; fileRef = 703F94FF27BD7018009F93DF /* RestaurantListResponse.swift */; };
		703F950227BD706A009F93DF /* Restaurant.swift in Sources */ = {isa = PBXBuildFile; fileRef = 703F950127BD706A009F93DF /* Restaurant.swift */; };
		703F950627BEC28F009F93DF /* DeliveryTime.swift in Sources */ = {isa = PBXBuildFile; fileRef = 703F950527BEC28F009F93DF /* DeliveryTime.swift */; };
		705F73C227BF183E007A6087 /* Network.swift in Sources */ = {isa = PBXBuildFile; fileRef = 705F73C127BF183E007A6087 /* Network.swift */; };
		70610D6227BC72A2001C83EF /* SampleViewControllerTests.swift in Sources */ = {isa = PBXBuildFile; fileRef = 70610D6127BC72A2001C83EF /* SampleViewControllerTests.swift */; };
		70610D6527BC7344001C83EF /* SampleViewProtocolSpy.swift in Sources */ = {isa = PBXBuildFile; fileRef = 70610D6427BC7344001C83EF /* SampleViewProtocolSpy.swift */; };
		70610D6727BC7479001C83EF /* SampleServiceProtocolSpy.swift in Sources */ = {isa = PBXBuildFile; fileRef = 70610D6627BC7479001C83EF /* SampleServiceProtocolSpy.swift */; };
		7069848927BB26B900428AF3 /* SampleViewController.swift in Sources */ = {isa = PBXBuildFile; fileRef = 7069848827BB26B900428AF3 /* SampleViewController.swift */; };
		7069848B27BB26C000428AF3 /* SampleView.swift in Sources */ = {isa = PBXBuildFile; fileRef = 7069848A27BB26C000428AF3 /* SampleView.swift */; };
		7069848D27BB26C900428AF3 /* SampleConfigurator.swift in Sources */ = {isa = PBXBuildFile; fileRef = 7069848C27BB26C900428AF3 /* SampleConfigurator.swift */; };
		7069848F27BB26CF00428AF3 /* SampleService.swift in Sources */ = {isa = PBXBuildFile; fileRef = 7069848E27BB26CF00428AF3 /* SampleService.swift */; };
		79111D6427BC253D0035926B /* AddressCellView.swift in Sources */ = {isa = PBXBuildFile; fileRef = 79111D6327BC253D0035926B /* AddressCellView.swift */; };
		983271C6272752B50010C63A /* Assets.xcassets in Resources */ = {isa = PBXBuildFile; fileRef = 983271C5272752B50010C63A /* Assets.xcassets */; };
		983271C9272752B50010C63A /* LaunchScreen.storyboard in Resources */ = {isa = PBXBuildFile; fileRef = 983271C7272752B50010C63A /* LaunchScreen.storyboard */; };
		983271D4272752B50010C63A /* DeliveryAppTests.swift in Sources */ = {isa = PBXBuildFile; fileRef = 983271D3272752B50010C63A /* DeliveryAppTests.swift */; };
		98AF572227ADB16E00339A66 /* AppDelegate.swift in Sources */ = {isa = PBXBuildFile; fileRef = 983271BC272752AF0010C63A /* AppDelegate.swift */; };
		98AF572327ADB16E00339A66 /* SceneDelegate.swift in Sources */ = {isa = PBXBuildFile; fileRef = 983271BE272752AF0010C63A /* SceneDelegate.swift */; };
		98AF572427ADB16E00339A66 /* SampleComponentView.swift in Sources */ = {isa = PBXBuildFile; fileRef = 98C4368027ADADC000D9048A /* SampleComponentView.swift */; };
		98AF572527ADB16E00339A66 /* HomeViewController.swift in Sources */ = {isa = PBXBuildFile; fileRef = 983271C0272752AF0010C63A /* HomeViewController.swift */; };
		98AF572627ADB16E00339A66 /* HomeView.swift in Sources */ = {isa = PBXBuildFile; fileRef = 98F1296D272F363200B88A87 /* HomeView.swift */; };
		98AF572727ADB16E00339A66 /* AddressSearchViewController.swift in Sources */ = {isa = PBXBuildFile; fileRef = 98EA055A272A092F007B0228 /* AddressSearchViewController.swift */; };
		98AF572827ADB16E00339A66 /* AddressListView.swift in Sources */ = {isa = PBXBuildFile; fileRef = 98C4368427ADAE4A00D9048A /* AddressListView.swift */; };
		98AF572927ADB16E00339A66 /* RestaurantListViewController.swift in Sources */ = {isa = PBXBuildFile; fileRef = 98EA055D272A0949007B0228 /* RestaurantListViewController.swift */; };
		98AF572A27ADB16E00339A66 /* RestaurantListView.swift in Sources */ = {isa = PBXBuildFile; fileRef = 98C4368227ADAE2800D9048A /* RestaurantListView.swift */; };
		98AF572B27ADB16E00339A66 /* RestaurantDetailsViewController.swift in Sources */ = {isa = PBXBuildFile; fileRef = 98EA0560272A0963007B0228 /* RestaurantDetailsViewController.swift */; };
		98AF572C27ADB16E00339A66 /* RestaurantDetailsView.swift in Sources */ = {isa = PBXBuildFile; fileRef = 98FC5AAA2732B938002412EA /* RestaurantDetailsView.swift */; };
		98AF572D27ADB16E00339A66 /* MenuItemViewController.swift in Sources */ = {isa = PBXBuildFile; fileRef = 98F1297C272F51DE00B88A87 /* MenuItemViewController.swift */; };
		98AF572E27ADB16E00339A66 /* MenuItemView.swift in Sources */ = {isa = PBXBuildFile; fileRef = 98FC5AB72732C1EF002412EA /* MenuItemView.swift */; };
		98AF572F27ADB16E00339A66 /* SettingsViewController.swift in Sources */ = {isa = PBXBuildFile; fileRef = 98F1297A272F51AE00B88A87 /* SettingsViewController.swift */; };
		98AF573027ADB16E00339A66 /* SettingsView.swift in Sources */ = {isa = PBXBuildFile; fileRef = 98612706272F56AB0049403C /* SettingsView.swift */; };
		98AF573327ADB16E00339A66 /* String+Extensions.swift in Sources */ = {isa = PBXBuildFile; fileRef = 98C4368827ADAEBE00D9048A /* String+Extensions.swift */; };
		98AF573627ADB34C00339A66 /* DebugViewController.swift in Sources */ = {isa = PBXBuildFile; fileRef = 98AF573527ADB34C00339A66 /* DebugViewController.swift */; };
/* End PBXBuildFile section */

/* Begin PBXContainerItemProxy section */
		983271D0272752B50010C63A /* PBXContainerItemProxy */ = {
			isa = PBXContainerItemProxy;
			containerPortal = 983271B1272752AF0010C63A /* Project object */;
			proxyType = 1;
			remoteGlobalIDString = 983271B8272752AF0010C63A;
			remoteInfo = DeliveryAppChallenge;
		};
/* End PBXContainerItemProxy section */

/* Begin PBXFileReference section */
		6C2F74B527BD372400F7AE6D /* FeatureFactory.swift */ = {isa = PBXFileReference; lastKnownFileType = sourcecode.swift; path = FeatureFactory.swift; sourceTree = "<group>"; };
		700A191827C4538B0093096C /* ViewCode.swift */ = {isa = PBXFileReference; fileEncoding = 4; lastKnownFileType = sourcecode.swift; path = ViewCode.swift; sourceTree = "<group>"; };
		700A192227C459600093096C /* GetRestaurantListUseCase.swift */ = {isa = PBXFileReference; lastKnownFileType = sourcecode.swift; path = GetRestaurantListUseCase.swift; sourceTree = "<group>"; };
		700A192427C459FA0093096C /* RestaurantListRepository.swift */ = {isa = PBXFileReference; lastKnownFileType = sourcecode.swift; path = RestaurantListRepository.swift; sourceTree = "<group>"; };
		700A192627C45A3E0093096C /* RestaurantListRepositoryImpl.swift */ = {isa = PBXFileReference; lastKnownFileType = sourcecode.swift; path = RestaurantListRepositoryImpl.swift; sourceTree = "<group>"; };
		700A192827C45B040093096C /* RestaurantListDataSource.swift */ = {isa = PBXFileReference; lastKnownFileType = sourcecode.swift; path = RestaurantListDataSource.swift; sourceTree = "<group>"; };
		700A192A27C45DCA0093096C /* RestaurantListApiDataSource.swift */ = {isa = PBXFileReference; lastKnownFileType = sourcecode.swift; path = RestaurantListApiDataSource.swift; sourceTree = "<group>"; };
		700A192C27C4603F0093096C /* RestaurantListConfigurator.swift */ = {isa = PBXFileReference; lastKnownFileType = sourcecode.swift; path = RestaurantListConfigurator.swift; sourceTree = "<group>"; };
		703F94FF27BD7018009F93DF /* RestaurantListResponse.swift */ = {isa = PBXFileReference; lastKnownFileType = sourcecode.swift; path = RestaurantListResponse.swift; sourceTree = "<group>"; };
		703F950127BD706A009F93DF /* Restaurant.swift */ = {isa = PBXFileReference; lastKnownFileType = sourcecode.swift; path = Restaurant.swift; sourceTree = "<group>"; };
		703F950527BEC28F009F93DF /* DeliveryTime.swift */ = {isa = PBXFileReference; lastKnownFileType = sourcecode.swift; path = DeliveryTime.swift; sourceTree = "<group>"; };
		705F73C127BF183E007A6087 /* Network.swift */ = {isa = PBXFileReference; lastKnownFileType = sourcecode.swift; path = Network.swift; sourceTree = "<group>"; };
		70610D6127BC72A2001C83EF /* SampleViewControllerTests.swift */ = {isa = PBXFileReference; lastKnownFileType = sourcecode.swift; path = SampleViewControllerTests.swift; sourceTree = "<group>"; };
		70610D6427BC7344001C83EF /* SampleViewProtocolSpy.swift */ = {isa = PBXFileReference; lastKnownFileType = sourcecode.swift; path = SampleViewProtocolSpy.swift; sourceTree = "<group>"; };
		70610D6627BC7479001C83EF /* SampleServiceProtocolSpy.swift */ = {isa = PBXFileReference; lastKnownFileType = sourcecode.swift; path = SampleServiceProtocolSpy.swift; sourceTree = "<group>"; };
		7069848827BB26B900428AF3 /* SampleViewController.swift */ = {isa = PBXFileReference; lastKnownFileType = sourcecode.swift; path = SampleViewController.swift; sourceTree = "<group>"; };
		7069848A27BB26C000428AF3 /* SampleView.swift */ = {isa = PBXFileReference; lastKnownFileType = sourcecode.swift; path = SampleView.swift; sourceTree = "<group>"; };
		7069848C27BB26C900428AF3 /* SampleConfigurator.swift */ = {isa = PBXFileReference; lastKnownFileType = sourcecode.swift; path = SampleConfigurator.swift; sourceTree = "<group>"; };
		7069848E27BB26CF00428AF3 /* SampleService.swift */ = {isa = PBXFileReference; lastKnownFileType = sourcecode.swift; path = SampleService.swift; sourceTree = "<group>"; };
		79111D6327BC253D0035926B /* AddressCellView.swift */ = {isa = PBXFileReference; lastKnownFileType = sourcecode.swift; path = AddressCellView.swift; sourceTree = "<group>"; };
		983271B9272752AF0010C63A /* DeliveryApp.app */ = {isa = PBXFileReference; explicitFileType = wrapper.application; includeInIndex = 0; path = DeliveryApp.app; sourceTree = BUILT_PRODUCTS_DIR; };
		983271BC272752AF0010C63A /* AppDelegate.swift */ = {isa = PBXFileReference; lastKnownFileType = sourcecode.swift; path = AppDelegate.swift; sourceTree = "<group>"; };
		983271BE272752AF0010C63A /* SceneDelegate.swift */ = {isa = PBXFileReference; lastKnownFileType = sourcecode.swift; path = SceneDelegate.swift; sourceTree = "<group>"; };
		983271C0272752AF0010C63A /* HomeViewController.swift */ = {isa = PBXFileReference; lastKnownFileType = sourcecode.swift; path = HomeViewController.swift; sourceTree = "<group>"; };
		983271C5272752B50010C63A /* Assets.xcassets */ = {isa = PBXFileReference; lastKnownFileType = folder.assetcatalog; path = Assets.xcassets; sourceTree = "<group>"; };
		983271C8272752B50010C63A /* Base */ = {isa = PBXFileReference; lastKnownFileType = file.storyboard; name = Base; path = Base.lproj/LaunchScreen.storyboard; sourceTree = "<group>"; };
		983271CA272752B50010C63A /* Info.plist */ = {isa = PBXFileReference; lastKnownFileType = text.plist.xml; path = Info.plist; sourceTree = "<group>"; };
		983271CF272752B50010C63A /* DeliveryAppTests.xctest */ = {isa = PBXFileReference; explicitFileType = wrapper.cfbundle; includeInIndex = 0; path = DeliveryAppTests.xctest; sourceTree = BUILT_PRODUCTS_DIR; };
		983271D3272752B50010C63A /* DeliveryAppTests.swift */ = {isa = PBXFileReference; lastKnownFileType = sourcecode.swift; path = DeliveryAppTests.swift; sourceTree = "<group>"; };
		98612706272F56AB0049403C /* SettingsView.swift */ = {isa = PBXFileReference; lastKnownFileType = sourcecode.swift; path = SettingsView.swift; sourceTree = "<group>"; };
		98AF573527ADB34C00339A66 /* DebugViewController.swift */ = {isa = PBXFileReference; lastKnownFileType = sourcecode.swift; path = DebugViewController.swift; sourceTree = "<group>"; };
		98C4368027ADADC000D9048A /* SampleComponentView.swift */ = {isa = PBXFileReference; lastKnownFileType = sourcecode.swift; path = SampleComponentView.swift; sourceTree = "<group>"; };
		98C4368227ADAE2800D9048A /* RestaurantListView.swift */ = {isa = PBXFileReference; lastKnownFileType = sourcecode.swift; path = RestaurantListView.swift; sourceTree = "<group>"; };
		98C4368427ADAE4A00D9048A /* AddressListView.swift */ = {isa = PBXFileReference; lastKnownFileType = sourcecode.swift; path = AddressListView.swift; sourceTree = "<group>"; };
		98C4368827ADAEBE00D9048A /* String+Extensions.swift */ = {isa = PBXFileReference; lastKnownFileType = sourcecode.swift; path = "String+Extensions.swift"; sourceTree = "<group>"; };
		98EA055A272A092F007B0228 /* AddressSearchViewController.swift */ = {isa = PBXFileReference; lastKnownFileType = sourcecode.swift; path = AddressSearchViewController.swift; sourceTree = "<group>"; };
		98EA055D272A0949007B0228 /* RestaurantListViewController.swift */ = {isa = PBXFileReference; lastKnownFileType = sourcecode.swift; path = RestaurantListViewController.swift; sourceTree = "<group>"; };
		98EA0560272A0963007B0228 /* RestaurantDetailsViewController.swift */ = {isa = PBXFileReference; lastKnownFileType = sourcecode.swift; path = RestaurantDetailsViewController.swift; sourceTree = "<group>"; };
		98F1296D272F363200B88A87 /* HomeView.swift */ = {isa = PBXFileReference; lastKnownFileType = sourcecode.swift; path = HomeView.swift; sourceTree = "<group>"; };
		98F1297A272F51AE00B88A87 /* SettingsViewController.swift */ = {isa = PBXFileReference; lastKnownFileType = sourcecode.swift; path = SettingsViewController.swift; sourceTree = "<group>"; };
		98F1297C272F51DE00B88A87 /* MenuItemViewController.swift */ = {isa = PBXFileReference; lastKnownFileType = sourcecode.swift; path = MenuItemViewController.swift; sourceTree = "<group>"; };
		98FC5AAA2732B938002412EA /* RestaurantDetailsView.swift */ = {isa = PBXFileReference; lastKnownFileType = sourcecode.swift; path = RestaurantDetailsView.swift; sourceTree = "<group>"; };
		98FC5AB72732C1EF002412EA /* MenuItemView.swift */ = {isa = PBXFileReference; lastKnownFileType = sourcecode.swift; path = MenuItemView.swift; sourceTree = "<group>"; };
/* End PBXFileReference section */

/* Begin PBXFrameworksBuildPhase section */
		983271B6272752AF0010C63A /* Frameworks */ = {
			isa = PBXFrameworksBuildPhase;
			buildActionMask = 2147483647;
			files = (
			);
			runOnlyForDeploymentPostprocessing = 0;
		};
		983271CC272752B50010C63A /* Frameworks */ = {
			isa = PBXFrameworksBuildPhase;
			buildActionMask = 2147483647;
			files = (
			);
			runOnlyForDeploymentPostprocessing = 0;
		};
/* End PBXFrameworksBuildPhase section */

/* Begin PBXGroup section */
		700A191727C4538B0093096C /* Components */ = {
			isa = PBXGroup;
			children = (
				6C2F74B527BD372400F7AE6D /* FeatureFactory.swift */,
				700A191827C4538B0093096C /* ViewCode.swift */,
			);
			path = Components;
			sourceTree = "<group>";
		};
		700A191C27C455E00093096C /* Sources */ = {
			isa = PBXGroup;
			children = (
				700A191E27C456480093096C /* Product */,
				700A191D27C456360093096C /* Foundations */,
			);
			path = Sources;
			sourceTree = "<group>";
		};
		700A191D27C456360093096C /* Foundations */ = {
			isa = PBXGroup;
			children = (
				983271F1272753060010C63A /* SwiftExtensions */,
				98AF573427ADB33700339A66 /* DebugYourViews */,
				983271EF272752F60010C63A /* Network */,
				700A191727C4538B0093096C /* Components */,
			);
			path = Foundations;
			sourceTree = "<group>";
		};
		700A191E27C456480093096C /* Product */ = {
			isa = PBXGroup;
			children = (
				983271EE272752EE0010C63A /* Screens */,
			);
			path = Product;
			sourceTree = "<group>";
		};
		700A191F27C458810093096C /* Data */ = {
			isa = PBXGroup;
			children = (
				700A193327C462070093096C /* DataSources */,
				700A193227C461FF0093096C /* Repositories */,
				700A193127C461F90093096C /* Models */,
			);
			path = Data;
			sourceTree = "<group>";
		};
		700A192027C458880093096C /* Domain */ = {
			isa = PBXGroup;
			children = (
				700A193027C461D00093096C /* Repositories */,
				700A192F27C461CA0093096C /* UseCases */,
				700A192E27C461C30093096C /* Models */,
			);
			path = Domain;
			sourceTree = "<group>";
		};
		700A192127C4588D0093096C /* UI */ = {
			isa = PBXGroup;
			children = (
				98EA055D272A0949007B0228 /* RestaurantListViewController.swift */,
				98C4368227ADAE2800D9048A /* RestaurantListView.swift */,
				700A192C27C4603F0093096C /* RestaurantListConfigurator.swift */,
			);
			path = UI;
			sourceTree = "<group>";
		};
		700A192E27C461C30093096C /* Models */ = {
			isa = PBXGroup;
			children = (
				703F950127BD706A009F93DF /* Restaurant.swift */,
				703F950527BEC28F009F93DF /* DeliveryTime.swift */,
			);
			path = Models;
			sourceTree = "<group>";
		};
		700A192F27C461CA0093096C /* UseCases */ = {
			isa = PBXGroup;
			children = (
				700A192227C459600093096C /* GetRestaurantListUseCase.swift */,
			);
			path = UseCases;
			sourceTree = "<group>";
		};
		700A193027C461D00093096C /* Repositories */ = {
			isa = PBXGroup;
			children = (
				700A192427C459FA0093096C /* RestaurantListRepository.swift */,
			);
			path = Repositories;
			sourceTree = "<group>";
		};
		700A193127C461F90093096C /* Models */ = {
			isa = PBXGroup;
			children = (
				703F94FF27BD7018009F93DF /* RestaurantListResponse.swift */,
			);
			path = Models;
			sourceTree = "<group>";
		};
		700A193227C461FF0093096C /* Repositories */ = {
			isa = PBXGroup;
			children = (
				700A192627C45A3E0093096C /* RestaurantListRepositoryImpl.swift */,
			);
			path = Repositories;
			sourceTree = "<group>";
		};
		700A193327C462070093096C /* DataSources */ = {
			isa = PBXGroup;
			children = (
				700A192827C45B040093096C /* RestaurantListDataSource.swift */,
				700A192A27C45DCA0093096C /* RestaurantListApiDataSource.swift */,
			);
			path = DataSources;
			sourceTree = "<group>";
		};
		70610D5F27BC728B001C83EF /* Screens */ = {
			isa = PBXGroup;
			children = (
				70610D6027BC7297001C83EF /* Sample */,
			);
			path = Screens;
			sourceTree = "<group>";
		};
		70610D6027BC7297001C83EF /* Sample */ = {
			isa = PBXGroup;
			children = (
				70610D6327BC7322001C83EF /* Doubles */,
				70610D6127BC72A2001C83EF /* SampleViewControllerTests.swift */,
			);
			path = Sample;
			sourceTree = "<group>";
		};
		70610D6327BC7322001C83EF /* Doubles */ = {
			isa = PBXGroup;
			children = (
				70610D6427BC7344001C83EF /* SampleViewProtocolSpy.swift */,
				70610D6627BC7479001C83EF /* SampleServiceProtocolSpy.swift */,
			);
			path = Doubles;
			sourceTree = "<group>";
		};
		7069848727BB26A300428AF3 /* Sample */ = {
			isa = PBXGroup;
			children = (
				7069848827BB26B900428AF3 /* SampleViewController.swift */,
				7069848A27BB26C000428AF3 /* SampleView.swift */,
				7069848C27BB26C900428AF3 /* SampleConfigurator.swift */,
				7069848E27BB26CF00428AF3 /* SampleService.swift */,
			);
			path = Sample;
			sourceTree = "<group>";
		};
		983271B0272752AF0010C63A = {
			isa = PBXGroup;
			children = (
				983271BB272752AF0010C63A /* DeliveryApp */,
				983271D2272752B50010C63A /* DeliveryAppTests */,
				983271BA272752AF0010C63A /* Products */,
			);
			sourceTree = "<group>";
		};
		983271BA272752AF0010C63A /* Products */ = {
			isa = PBXGroup;
			children = (
				983271B9272752AF0010C63A /* DeliveryApp.app */,
				983271CF272752B50010C63A /* DeliveryAppTests.xctest */,
			);
			name = Products;
			sourceTree = "<group>";
		};
		983271BB272752AF0010C63A /* DeliveryApp */ = {
			isa = PBXGroup;
			children = (
				983271ED272752D20010C63A /* AppDelegate */,
				700A191C27C455E00093096C /* Sources */,
				983271EC272752C50010C63A /* Resources */,
			);
			path = DeliveryApp;
			sourceTree = "<group>";
		};
		983271D2272752B50010C63A /* DeliveryAppTests */ = {
			isa = PBXGroup;
			children = (
				70610D5F27BC728B001C83EF /* Screens */,
				983271D3272752B50010C63A /* DeliveryAppTests.swift */,
			);
			path = DeliveryAppTests;
			sourceTree = "<group>";
		};
		983271EC272752C50010C63A /* Resources */ = {
			isa = PBXGroup;
			children = (
				983271C5272752B50010C63A /* Assets.xcassets */,
				983271C7272752B50010C63A /* LaunchScreen.storyboard */,
				983271CA272752B50010C63A /* Info.plist */,
			);
			path = Resources;
			sourceTree = "<group>";
		};
		983271ED272752D20010C63A /* AppDelegate */ = {
			isa = PBXGroup;
			children = (
				983271BC272752AF0010C63A /* AppDelegate.swift */,
				983271BE272752AF0010C63A /* SceneDelegate.swift */,
			);
			path = AppDelegate;
			sourceTree = "<group>";
		};
		983271EE272752EE0010C63A /* Screens */ = {
			isa = PBXGroup;
			children = (
				7069848727BB26A300428AF3 /* Sample */,
				98F12963272F307100B88A87 /* Components */,
				983271F2272753100010C63A /* Home */,
				98EA0559272A08D7007B0228 /* AddressSearch */,
				98EA055C272A0933007B0228 /* RestaurantList */,
				98EA055F272A0950007B0228 /* RestaurantDetails */,
				98F12978272F4D7600B88A87 /* MenuItem */,
				98F12979272F512900B88A87 /* Settings */,
			);
			path = Screens;
			sourceTree = "<group>";
		};
		983271EF272752F60010C63A /* Network */ = {
			isa = PBXGroup;
			children = (
				705F73C127BF183E007A6087 /* Network.swift */,
			);
			path = Network;
			sourceTree = "<group>";
		};
		983271F1272753060010C63A /* SwiftExtensions */ = {
			isa = PBXGroup;
			children = (
				98C4368827ADAEBE00D9048A /* String+Extensions.swift */,
			);
			path = SwiftExtensions;
			sourceTree = "<group>";
		};
		983271F2272753100010C63A /* Home */ = {
			isa = PBXGroup;
			children = (
				983271C0272752AF0010C63A /* HomeViewController.swift */,
				98F1296D272F363200B88A87 /* HomeView.swift */,
			);
			path = Home;
			sourceTree = "<group>";
		};
		98AF573427ADB33700339A66 /* DebugYourViews */ = {
			isa = PBXGroup;
			children = (
				98AF573527ADB34C00339A66 /* DebugViewController.swift */,
			);
			path = DebugYourViews;
			sourceTree = "<group>";
		};
		98EA0559272A08D7007B0228 /* AddressSearch */ = {
			isa = PBXGroup;
			children = (
				98EA055A272A092F007B0228 /* AddressSearchViewController.swift */,
				98C4368427ADAE4A00D9048A /* AddressListView.swift */,
				79111D6327BC253D0035926B /* AddressCellView.swift */,
			);
			path = AddressSearch;
			sourceTree = "<group>";
		};
		98EA055C272A0933007B0228 /* RestaurantList */ = {
			isa = PBXGroup;
			children = (
				700A192127C4588D0093096C /* UI */,
				700A192027C458880093096C /* Domain */,
				700A191F27C458810093096C /* Data */,
			);
			path = RestaurantList;
			sourceTree = "<group>";
		};
		98EA055F272A0950007B0228 /* RestaurantDetails */ = {
			isa = PBXGroup;
			children = (
				98EA0560272A0963007B0228 /* RestaurantDetailsViewController.swift */,
				98FC5AAA2732B938002412EA /* RestaurantDetailsView.swift */,
			);
			path = RestaurantDetails;
			sourceTree = "<group>";
		};
		98F12963272F307100B88A87 /* Components */ = {
			isa = PBXGroup;
			children = (
				98C4368027ADADC000D9048A /* SampleComponentView.swift */,
			);
			path = Components;
			sourceTree = "<group>";
		};
		98F12978272F4D7600B88A87 /* MenuItem */ = {
			isa = PBXGroup;
			children = (
				98F1297C272F51DE00B88A87 /* MenuItemViewController.swift */,
				98FC5AB72732C1EF002412EA /* MenuItemView.swift */,
			);
			path = MenuItem;
			sourceTree = "<group>";
		};
		98F12979272F512900B88A87 /* Settings */ = {
			isa = PBXGroup;
			children = (
				98F1297A272F51AE00B88A87 /* SettingsViewController.swift */,
				98612706272F56AB0049403C /* SettingsView.swift */,
			);
			path = Settings;
			sourceTree = "<group>";
		};
/* End PBXGroup section */

/* Begin PBXNativeTarget section */
		983271B8272752AF0010C63A /* DeliveryApp */ = {
			isa = PBXNativeTarget;
			buildConfigurationList = 983271E3272752B50010C63A /* Build configuration list for PBXNativeTarget "DeliveryApp" */;
			buildPhases = (
				983271B5272752AF0010C63A /* Sources */,
				983271B6272752AF0010C63A /* Frameworks */,
				983271B7272752AF0010C63A /* Resources */,
			);
			buildRules = (
			);
			dependencies = (
			);
			name = DeliveryApp;
			productName = DeliveryAppChallenge;
			productReference = 983271B9272752AF0010C63A /* DeliveryApp.app */;
			productType = "com.apple.product-type.application";
		};
		983271CE272752B50010C63A /* DeliveryAppTests */ = {
			isa = PBXNativeTarget;
			buildConfigurationList = 983271E6272752B50010C63A /* Build configuration list for PBXNativeTarget "DeliveryAppTests" */;
			buildPhases = (
				983271CB272752B50010C63A /* Sources */,
				983271CC272752B50010C63A /* Frameworks */,
				983271CD272752B50010C63A /* Resources */,
			);
			buildRules = (
			);
			dependencies = (
				983271D1272752B50010C63A /* PBXTargetDependency */,
			);
			name = DeliveryAppTests;
			productName = DeliveryAppChallengeTests;
			productReference = 983271CF272752B50010C63A /* DeliveryAppTests.xctest */;
			productType = "com.apple.product-type.bundle.unit-test";
		};
/* End PBXNativeTarget section */

/* Begin PBXProject section */
		983271B1272752AF0010C63A /* Project object */ = {
			isa = PBXProject;
			attributes = {
				BuildIndependentTargetsInParallel = 1;
				LastSwiftUpdateCheck = 1300;
				LastUpgradeCheck = 1300;
				TargetAttributes = {
					983271B8272752AF0010C63A = {
						CreatedOnToolsVersion = 13.0;
					};
					983271CE272752B50010C63A = {
						CreatedOnToolsVersion = 13.0;
						TestTargetID = 983271B8272752AF0010C63A;
					};
				};
			};
			buildConfigurationList = 983271B4272752AF0010C63A /* Build configuration list for PBXProject "DeliveryApp" */;
			compatibilityVersion = "Xcode 13.0";
			developmentRegion = en;
			hasScannedForEncodings = 0;
			knownRegions = (
				en,
				Base,
			);
			mainGroup = 983271B0272752AF0010C63A;
			productRefGroup = 983271BA272752AF0010C63A /* Products */;
			projectDirPath = "";
			projectRoot = "";
			targets = (
				983271B8272752AF0010C63A /* DeliveryApp */,
				983271CE272752B50010C63A /* DeliveryAppTests */,
			);
		};
/* End PBXProject section */

/* Begin PBXResourcesBuildPhase section */
		983271B7272752AF0010C63A /* Resources */ = {
			isa = PBXResourcesBuildPhase;
			buildActionMask = 2147483647;
			files = (
				983271C9272752B50010C63A /* LaunchScreen.storyboard in Resources */,
				983271C6272752B50010C63A /* Assets.xcassets in Resources */,
			);
			runOnlyForDeploymentPostprocessing = 0;
		};
		983271CD272752B50010C63A /* Resources */ = {
			isa = PBXResourcesBuildPhase;
			buildActionMask = 2147483647;
			files = (
			);
			runOnlyForDeploymentPostprocessing = 0;
		};
/* End PBXResourcesBuildPhase section */

/* Begin PBXSourcesBuildPhase section */
		983271B5272752AF0010C63A /* Sources */ = {
			isa = PBXSourcesBuildPhase;
			buildActionMask = 2147483647;
			files = (
				98AF572227ADB16E00339A66 /* AppDelegate.swift in Sources */,
				98AF573627ADB34C00339A66 /* DebugViewController.swift in Sources */,
				98AF572327ADB16E00339A66 /* SceneDelegate.swift in Sources */,
				700A192B27C45DCA0093096C /* RestaurantListApiDataSource.swift in Sources */,
				98AF572427ADB16E00339A66 /* SampleComponentView.swift in Sources */,
				703F950027BD7018009F93DF /* RestaurantListResponse.swift in Sources */,
				79111D6427BC253D0035926B /* AddressCellView.swift in Sources */,
				98AF572527ADB16E00339A66 /* HomeViewController.swift in Sources */,
				703F950227BD706A009F93DF /* Restaurant.swift in Sources */,
				98AF572627ADB16E00339A66 /* HomeView.swift in Sources */,
				700A192927C45B040093096C /* RestaurantListDataSource.swift in Sources */,
				98AF572727ADB16E00339A66 /* AddressSearchViewController.swift in Sources */,
				6C2F74B627BD372400F7AE6D /* FeatureFactory.swift in Sources */,
				700A191A27C4538B0093096C /* ViewCode.swift in Sources */,
				700A192D27C4603F0093096C /* RestaurantListConfigurator.swift in Sources */,
				705F73C227BF183E007A6087 /* Network.swift in Sources */,
				98AF572827ADB16E00339A66 /* AddressListView.swift in Sources */,
				98AF572927ADB16E00339A66 /* RestaurantListViewController.swift in Sources */,
				98AF572A27ADB16E00339A66 /* RestaurantListView.swift in Sources */,
				7069848927BB26B900428AF3 /* SampleViewController.swift in Sources */,
				98AF572B27ADB16E00339A66 /* RestaurantDetailsViewController.swift in Sources */,
				98AF572C27ADB16E00339A66 /* RestaurantDetailsView.swift in Sources */,
				703F950627BEC28F009F93DF /* DeliveryTime.swift in Sources */,
				7069848F27BB26CF00428AF3 /* SampleService.swift in Sources */,
				700A192727C45A3E0093096C /* RestaurantListRepositoryImpl.swift in Sources */,
				700A192327C459600093096C /* GetRestaurantListUseCase.swift in Sources */,
				98AF572D27ADB16E00339A66 /* MenuItemViewController.swift in Sources */,
				7069848D27BB26C900428AF3 /* SampleConfigurator.swift in Sources */,
				700A192527C459FA0093096C /* RestaurantListRepository.swift in Sources */,
				98AF572E27ADB16E00339A66 /* MenuItemView.swift in Sources */,
				98AF572F27ADB16E00339A66 /* SettingsViewController.swift in Sources */,
				7069848B27BB26C000428AF3 /* SampleView.swift in Sources */,
				98AF573027ADB16E00339A66 /* SettingsView.swift in Sources */,
				98AF573327ADB16E00339A66 /* String+Extensions.swift in Sources */,
			);
			runOnlyForDeploymentPostprocessing = 0;
		};
		983271CB272752B50010C63A /* Sources */ = {
			isa = PBXSourcesBuildPhase;
			buildActionMask = 2147483647;
			files = (
				70610D6227BC72A2001C83EF /* SampleViewControllerTests.swift in Sources */,
				983271D4272752B50010C63A /* DeliveryAppTests.swift in Sources */,
				70610D6727BC7479001C83EF /* SampleServiceProtocolSpy.swift in Sources */,
				70610D6527BC7344001C83EF /* SampleViewProtocolSpy.swift in Sources */,
			);
			runOnlyForDeploymentPostprocessing = 0;
		};
/* End PBXSourcesBuildPhase section */

/* Begin PBXTargetDependency section */
		983271D1272752B50010C63A /* PBXTargetDependency */ = {
			isa = PBXTargetDependency;
			target = 983271B8272752AF0010C63A /* DeliveryApp */;
			targetProxy = 983271D0272752B50010C63A /* PBXContainerItemProxy */;
		};
/* End PBXTargetDependency section */

/* Begin PBXVariantGroup section */
		983271C7272752B50010C63A /* LaunchScreen.storyboard */ = {
			isa = PBXVariantGroup;
			children = (
				983271C8272752B50010C63A /* Base */,
			);
			name = LaunchScreen.storyboard;
			sourceTree = "<group>";
		};
/* End PBXVariantGroup section */

/* Begin XCBuildConfiguration section */
		983271E1272752B50010C63A /* Debug */ = {
			isa = XCBuildConfiguration;
			buildSettings = {
				ALWAYS_SEARCH_USER_PATHS = NO;
				CLANG_ANALYZER_NONNULL = YES;
				CLANG_ANALYZER_NUMBER_OBJECT_CONVERSION = YES_AGGRESSIVE;
				CLANG_CXX_LANGUAGE_STANDARD = "gnu++17";
				CLANG_CXX_LIBRARY = "libc++";
				CLANG_ENABLE_MODULES = YES;
				CLANG_ENABLE_OBJC_ARC = YES;
				CLANG_ENABLE_OBJC_WEAK = YES;
				CLANG_WARN_BLOCK_CAPTURE_AUTORELEASING = YES;
				CLANG_WARN_BOOL_CONVERSION = YES;
				CLANG_WARN_COMMA = YES;
				CLANG_WARN_CONSTANT_CONVERSION = YES;
				CLANG_WARN_DEPRECATED_OBJC_IMPLEMENTATIONS = YES;
				CLANG_WARN_DIRECT_OBJC_ISA_USAGE = YES_ERROR;
				CLANG_WARN_DOCUMENTATION_COMMENTS = YES;
				CLANG_WARN_EMPTY_BODY = YES;
				CLANG_WARN_ENUM_CONVERSION = YES;
				CLANG_WARN_INFINITE_RECURSION = YES;
				CLANG_WARN_INT_CONVERSION = YES;
				CLANG_WARN_NON_LITERAL_NULL_CONVERSION = YES;
				CLANG_WARN_OBJC_IMPLICIT_RETAIN_SELF = YES;
				CLANG_WARN_OBJC_LITERAL_CONVERSION = YES;
				CLANG_WARN_OBJC_ROOT_CLASS = YES_ERROR;
				CLANG_WARN_QUOTED_INCLUDE_IN_FRAMEWORK_HEADER = YES;
				CLANG_WARN_RANGE_LOOP_ANALYSIS = YES;
				CLANG_WARN_STRICT_PROTOTYPES = YES;
				CLANG_WARN_SUSPICIOUS_MOVE = YES;
				CLANG_WARN_UNGUARDED_AVAILABILITY = YES_AGGRESSIVE;
				CLANG_WARN_UNREACHABLE_CODE = YES;
				CLANG_WARN__DUPLICATE_METHOD_MATCH = YES;
				COPY_PHASE_STRIP = NO;
				DEBUG_INFORMATION_FORMAT = dwarf;
				ENABLE_STRICT_OBJC_MSGSEND = YES;
				ENABLE_TESTABILITY = YES;
				GCC_C_LANGUAGE_STANDARD = gnu11;
				GCC_DYNAMIC_NO_PIC = NO;
				GCC_NO_COMMON_BLOCKS = YES;
				GCC_OPTIMIZATION_LEVEL = 0;
				GCC_PREPROCESSOR_DEFINITIONS = (
					"DEBUG=1",
					"$(inherited)",
				);
				GCC_WARN_64_TO_32_BIT_CONVERSION = YES;
				GCC_WARN_ABOUT_RETURN_TYPE = YES_ERROR;
				GCC_WARN_UNDECLARED_SELECTOR = YES;
				GCC_WARN_UNINITIALIZED_AUTOS = YES_AGGRESSIVE;
				GCC_WARN_UNUSED_FUNCTION = YES;
				GCC_WARN_UNUSED_VARIABLE = YES;
				IPHONEOS_DEPLOYMENT_TARGET = 15.0;
				MTL_ENABLE_DEBUG_INFO = INCLUDE_SOURCE;
				MTL_FAST_MATH = YES;
				ONLY_ACTIVE_ARCH = YES;
				SDKROOT = iphoneos;
				SWIFT_ACTIVE_COMPILATION_CONDITIONS = DEBUG;
				SWIFT_OPTIMIZATION_LEVEL = "-Onone";
			};
			name = Debug;
		};
		983271E2272752B50010C63A /* Release */ = {
			isa = XCBuildConfiguration;
			buildSettings = {
				ALWAYS_SEARCH_USER_PATHS = NO;
				CLANG_ANALYZER_NONNULL = YES;
				CLANG_ANALYZER_NUMBER_OBJECT_CONVERSION = YES_AGGRESSIVE;
				CLANG_CXX_LANGUAGE_STANDARD = "gnu++17";
				CLANG_CXX_LIBRARY = "libc++";
				CLANG_ENABLE_MODULES = YES;
				CLANG_ENABLE_OBJC_ARC = YES;
				CLANG_ENABLE_OBJC_WEAK = YES;
				CLANG_WARN_BLOCK_CAPTURE_AUTORELEASING = YES;
				CLANG_WARN_BOOL_CONVERSION = YES;
				CLANG_WARN_COMMA = YES;
				CLANG_WARN_CONSTANT_CONVERSION = YES;
				CLANG_WARN_DEPRECATED_OBJC_IMPLEMENTATIONS = YES;
				CLANG_WARN_DIRECT_OBJC_ISA_USAGE = YES_ERROR;
				CLANG_WARN_DOCUMENTATION_COMMENTS = YES;
				CLANG_WARN_EMPTY_BODY = YES;
				CLANG_WARN_ENUM_CONVERSION = YES;
				CLANG_WARN_INFINITE_RECURSION = YES;
				CLANG_WARN_INT_CONVERSION = YES;
				CLANG_WARN_NON_LITERAL_NULL_CONVERSION = YES;
				CLANG_WARN_OBJC_IMPLICIT_RETAIN_SELF = YES;
				CLANG_WARN_OBJC_LITERAL_CONVERSION = YES;
				CLANG_WARN_OBJC_ROOT_CLASS = YES_ERROR;
				CLANG_WARN_QUOTED_INCLUDE_IN_FRAMEWORK_HEADER = YES;
				CLANG_WARN_RANGE_LOOP_ANALYSIS = YES;
				CLANG_WARN_STRICT_PROTOTYPES = YES;
				CLANG_WARN_SUSPICIOUS_MOVE = YES;
				CLANG_WARN_UNGUARDED_AVAILABILITY = YES_AGGRESSIVE;
				CLANG_WARN_UNREACHABLE_CODE = YES;
				CLANG_WARN__DUPLICATE_METHOD_MATCH = YES;
				COPY_PHASE_STRIP = NO;
				DEBUG_INFORMATION_FORMAT = "dwarf-with-dsym";
				ENABLE_NS_ASSERTIONS = NO;
				ENABLE_STRICT_OBJC_MSGSEND = YES;
				GCC_C_LANGUAGE_STANDARD = gnu11;
				GCC_NO_COMMON_BLOCKS = YES;
				GCC_WARN_64_TO_32_BIT_CONVERSION = YES;
				GCC_WARN_ABOUT_RETURN_TYPE = YES_ERROR;
				GCC_WARN_UNDECLARED_SELECTOR = YES;
				GCC_WARN_UNINITIALIZED_AUTOS = YES_AGGRESSIVE;
				GCC_WARN_UNUSED_FUNCTION = YES;
				GCC_WARN_UNUSED_VARIABLE = YES;
				IPHONEOS_DEPLOYMENT_TARGET = 15.0;
				MTL_ENABLE_DEBUG_INFO = NO;
				MTL_FAST_MATH = YES;
				SDKROOT = iphoneos;
				SWIFT_COMPILATION_MODE = wholemodule;
				SWIFT_OPTIMIZATION_LEVEL = "-O";
				VALIDATE_PRODUCT = YES;
			};
			name = Release;
		};
		983271E4272752B50010C63A /* Debug */ = {
			isa = XCBuildConfiguration;
			buildSettings = {
				ASSETCATALOG_COMPILER_APPICON_NAME = AppIcon;
				ASSETCATALOG_COMPILER_GLOBAL_ACCENT_COLOR_NAME = AccentColor;
				CODE_SIGN_STYLE = Automatic;
				CURRENT_PROJECT_VERSION = 1;
				DEVELOPMENT_TEAM = B8F644M47X;
				GENERATE_INFOPLIST_FILE = YES;
				INFOPLIST_FILE = DeliveryApp/Resources/Info.plist;
				INFOPLIST_KEY_UIApplicationSupportsIndirectInputEvents = YES;
				INFOPLIST_KEY_UILaunchStoryboardName = LaunchScreen;
				INFOPLIST_KEY_UIMainStoryboardFile = LaunchScreen;
				INFOPLIST_KEY_UISupportedInterfaceOrientations_iPad = "UIInterfaceOrientationPortrait UIInterfaceOrientationPortraitUpsideDown UIInterfaceOrientationLandscapeLeft UIInterfaceOrientationLandscapeRight";
				INFOPLIST_KEY_UISupportedInterfaceOrientations_iPhone = "UIInterfaceOrientationPortrait UIInterfaceOrientationLandscapeLeft UIInterfaceOrientationLandscapeRight";
				LD_RUNPATH_SEARCH_PATHS = (
					"$(inherited)",
					"@executable_path/Frameworks",
				);
				MARKETING_VERSION = 1.0;
				PRODUCT_BUNDLE_IDENTIFIER = com.devpass.DeliveryApp;
				PRODUCT_NAME = "$(TARGET_NAME)";
				SWIFT_EMIT_LOC_STRINGS = YES;
				SWIFT_VERSION = 5.0;
				TARGETED_DEVICE_FAMILY = "1,2";
			};
			name = Debug;
		};
		983271E5272752B50010C63A /* Release */ = {
			isa = XCBuildConfiguration;
			buildSettings = {
				ASSETCATALOG_COMPILER_APPICON_NAME = AppIcon;
				ASSETCATALOG_COMPILER_GLOBAL_ACCENT_COLOR_NAME = AccentColor;
				CODE_SIGN_STYLE = Automatic;
				CURRENT_PROJECT_VERSION = 1;
				DEVELOPMENT_TEAM = B8F644M47X;
				GENERATE_INFOPLIST_FILE = YES;
				INFOPLIST_FILE = DeliveryApp/Resources/Info.plist;
				INFOPLIST_KEY_UIApplicationSupportsIndirectInputEvents = YES;
				INFOPLIST_KEY_UILaunchStoryboardName = LaunchScreen;
				INFOPLIST_KEY_UIMainStoryboardFile = LaunchScreen;
				INFOPLIST_KEY_UISupportedInterfaceOrientations_iPad = "UIInterfaceOrientationPortrait UIInterfaceOrientationPortraitUpsideDown UIInterfaceOrientationLandscapeLeft UIInterfaceOrientationLandscapeRight";
				INFOPLIST_KEY_UISupportedInterfaceOrientations_iPhone = "UIInterfaceOrientationPortrait UIInterfaceOrientationLandscapeLeft UIInterfaceOrientationLandscapeRight";
				LD_RUNPATH_SEARCH_PATHS = (
					"$(inherited)",
					"@executable_path/Frameworks",
				);
				MARKETING_VERSION = 1.0;
				PRODUCT_BUNDLE_IDENTIFIER = com.devpass.DeliveryApp;
				PRODUCT_NAME = "$(TARGET_NAME)";
				SWIFT_EMIT_LOC_STRINGS = YES;
				SWIFT_VERSION = 5.0;
				TARGETED_DEVICE_FAMILY = "1,2";
			};
			name = Release;
		};
		983271E7272752B50010C63A /* Debug */ = {
			isa = XCBuildConfiguration;
			buildSettings = {
				ALWAYS_EMBED_SWIFT_STANDARD_LIBRARIES = YES;
				BUNDLE_LOADER = "$(TEST_HOST)";
				CODE_SIGN_STYLE = Automatic;
				CURRENT_PROJECT_VERSION = 1;
				DEVELOPMENT_TEAM = B8F644M47X;
				GENERATE_INFOPLIST_FILE = YES;
				IPHONEOS_DEPLOYMENT_TARGET = 15.0;
				LD_RUNPATH_SEARCH_PATHS = (
					"$(inherited)",
					"@executable_path/Frameworks",
					"@loader_path/Frameworks",
				);
				MARKETING_VERSION = 1.0;
				PRODUCT_BUNDLE_IDENTIFIER = com.devpass.DeliveryAppTests;
				PRODUCT_NAME = "$(TARGET_NAME)";
				SWIFT_EMIT_LOC_STRINGS = NO;
				SWIFT_VERSION = 5.0;
				TARGETED_DEVICE_FAMILY = "1,2";
				TEST_HOST = "$(BUILT_PRODUCTS_DIR)/DeliveryApp.app/DeliveryApp";
			};
			name = Debug;
		};
		983271E8272752B50010C63A /* Release */ = {
			isa = XCBuildConfiguration;
			buildSettings = {
				ALWAYS_EMBED_SWIFT_STANDARD_LIBRARIES = YES;
				BUNDLE_LOADER = "$(TEST_HOST)";
				CODE_SIGN_STYLE = Automatic;
				CURRENT_PROJECT_VERSION = 1;
				DEVELOPMENT_TEAM = B8F644M47X;
				GENERATE_INFOPLIST_FILE = YES;
				IPHONEOS_DEPLOYMENT_TARGET = 15.0;
				LD_RUNPATH_SEARCH_PATHS = (
					"$(inherited)",
					"@executable_path/Frameworks",
					"@loader_path/Frameworks",
				);
				MARKETING_VERSION = 1.0;
				PRODUCT_BUNDLE_IDENTIFIER = com.devpass.DeliveryAppTests;
				PRODUCT_NAME = "$(TARGET_NAME)";
				SWIFT_EMIT_LOC_STRINGS = NO;
				SWIFT_VERSION = 5.0;
				TARGETED_DEVICE_FAMILY = "1,2";
				TEST_HOST = "$(BUILT_PRODUCTS_DIR)/DeliveryApp.app/DeliveryApp";
			};
			name = Release;
		};
/* End XCBuildConfiguration section */

/* Begin XCConfigurationList section */
		983271B4272752AF0010C63A /* Build configuration list for PBXProject "DeliveryApp" */ = {
			isa = XCConfigurationList;
			buildConfigurations = (
				983271E1272752B50010C63A /* Debug */,
				983271E2272752B50010C63A /* Release */,
			);
			defaultConfigurationIsVisible = 0;
			defaultConfigurationName = Release;
		};
		983271E3272752B50010C63A /* Build configuration list for PBXNativeTarget "DeliveryApp" */ = {
			isa = XCConfigurationList;
			buildConfigurations = (
				983271E4272752B50010C63A /* Debug */,
				983271E5272752B50010C63A /* Release */,
			);
			defaultConfigurationIsVisible = 0;
			defaultConfigurationName = Release;
		};
		983271E6272752B50010C63A /* Build configuration list for PBXNativeTarget "DeliveryAppTests" */ = {
			isa = XCConfigurationList;
			buildConfigurations = (
				983271E7272752B50010C63A /* Debug */,
				983271E8272752B50010C63A /* Release */,
			);
			defaultConfigurationIsVisible = 0;
			defaultConfigurationName = Release;
		};
/* End XCConfigurationList section */
	};
	rootObject = 983271B1272752AF0010C63A /* Project object */;
}
