// !$*UTF8*$!
{
	archiveVersion = 1;
	classes = {
	};
	objectVersion = 55;
	objects = {

/* Begin PBXBuildFile section */
		7415B449273334B200CE8273 /* NetworkManagerTests.swift in Sources */ = {isa = PBXBuildFile; fileRef = 7415B448273334B200CE8273 /* NetworkManagerTests.swift */; };
		744714F72735D71100FA3052 /* URLSessionProtocolStub.swift in Sources */ = {isa = PBXBuildFile; fileRef = 744714F62735D71100FA3052 /* URLSessionProtocolStub.swift */; };
		74E4A5AF273999AD007FA4DB /* NetworkManagerMocks.swift in Sources */ = {isa = PBXBuildFile; fileRef = 74E4A5AD2739998D007FA4DB /* NetworkManagerMocks.swift */; };
		983271BD272752AF0010C63A /* AppDelegate.swift in Sources */ = {isa = PBXBuildFile; fileRef = 983271BC272752AF0010C63A /* AppDelegate.swift */; };
		983271BF272752AF0010C63A /* SceneDelegate.swift in Sources */ = {isa = PBXBuildFile; fileRef = 983271BE272752AF0010C63A /* SceneDelegate.swift */; };
		983271C6272752B50010C63A /* Assets.xcassets in Resources */ = {isa = PBXBuildFile; fileRef = 983271C5272752B50010C63A /* Assets.xcassets */; };
		983271C9272752B50010C63A /* LaunchScreen.storyboard in Resources */ = {isa = PBXBuildFile; fileRef = 983271C7272752B50010C63A /* LaunchScreen.storyboard */; };
		983271DE272752B50010C63A /* DeliveryAppChallengeUITests.swift in Sources */ = {isa = PBXBuildFile; fileRef = 983271DD272752B50010C63A /* DeliveryAppChallengeUITests.swift */; };
		983271E0272752B50010C63A /* DeliveryAppChallengeUITestsLaunchTests.swift in Sources */ = {isa = PBXBuildFile; fileRef = 983271DF272752B50010C63A /* DeliveryAppChallengeUITestsLaunchTests.swift */; };
		E596465C2A8F94900022D8AE /* FeaturesPack in Frameworks */ = {isa = PBXBuildFile; productRef = E596465B2A8F94900022D8AE /* FeaturesPack */; };
		E596465E2A8F94900022D8AE /* UIFoundations in Frameworks */ = {isa = PBXBuildFile; productRef = E596465D2A8F94900022D8AE /* UIFoundations */; };
		E59646602A8F94E20022D8AE /* CoreModules in Frameworks */ = {isa = PBXBuildFile; productRef = E596465F2A8F94E20022D8AE /* CoreModules */; };
		F5912B1E273C3E5B00A71644 /* RestaurantListDataSourceTests.swift in Sources */ = {isa = PBXBuildFile; fileRef = F5912B1D273C3E5B00A71644 /* RestaurantListDataSourceTests.swift */; };
		F5912B20273C3F9500A71644 /* NetworkManagerStub.swift in Sources */ = {isa = PBXBuildFile; fileRef = F5912B1F273C3F9500A71644 /* NetworkManagerStub.swift */; };
/* End PBXBuildFile section */

/* Begin PBXContainerItemProxy section */
		983271D0272752B50010C63A /* PBXContainerItemProxy */ = {
			isa = PBXContainerItemProxy;
			containerPortal = 983271B1272752AF0010C63A /* Project object */;
			proxyType = 1;
			remoteGlobalIDString = 983271B8272752AF0010C63A;
			remoteInfo = DeliveryAppChallenge;
		};
		983271DA272752B50010C63A /* PBXContainerItemProxy */ = {
			isa = PBXContainerItemProxy;
			containerPortal = 983271B1272752AF0010C63A /* Project object */;
			proxyType = 1;
			remoteGlobalIDString = 983271B8272752AF0010C63A;
			remoteInfo = DeliveryAppChallenge;
		};
/* End PBXContainerItemProxy section */

/* Begin PBXFileReference section */
		7415B448273334B200CE8273 /* NetworkManagerTests.swift */ = {isa = PBXFileReference; lastKnownFileType = sourcecode.swift; path = NetworkManagerTests.swift; sourceTree = "<group>"; };
		744714F62735D71100FA3052 /* URLSessionProtocolStub.swift */ = {isa = PBXFileReference; lastKnownFileType = sourcecode.swift; path = URLSessionProtocolStub.swift; sourceTree = "<group>"; };
		74E4A5AD2739998D007FA4DB /* NetworkManagerMocks.swift */ = {isa = PBXFileReference; lastKnownFileType = sourcecode.swift; path = NetworkManagerMocks.swift; sourceTree = "<group>"; };
		983271B9272752AF0010C63A /* DeliveryAppChallenge.app */ = {isa = PBXFileReference; explicitFileType = wrapper.application; includeInIndex = 0; path = DeliveryAppChallenge.app; sourceTree = BUILT_PRODUCTS_DIR; };
		983271BC272752AF0010C63A /* AppDelegate.swift */ = {isa = PBXFileReference; lastKnownFileType = sourcecode.swift; path = AppDelegate.swift; sourceTree = "<group>"; };
		983271BE272752AF0010C63A /* SceneDelegate.swift */ = {isa = PBXFileReference; lastKnownFileType = sourcecode.swift; path = SceneDelegate.swift; sourceTree = "<group>"; };
		983271C5272752B50010C63A /* Assets.xcassets */ = {isa = PBXFileReference; lastKnownFileType = folder.assetcatalog; path = Assets.xcassets; sourceTree = "<group>"; };
		983271C8272752B50010C63A /* Base */ = {isa = PBXFileReference; lastKnownFileType = file.storyboard; name = Base; path = Base.lproj/LaunchScreen.storyboard; sourceTree = "<group>"; };
		983271CA272752B50010C63A /* Info.plist */ = {isa = PBXFileReference; lastKnownFileType = text.plist.xml; path = Info.plist; sourceTree = "<group>"; };
		983271CF272752B50010C63A /* DeliveryAppChallengeTests.xctest */ = {isa = PBXFileReference; explicitFileType = wrapper.cfbundle; includeInIndex = 0; path = DeliveryAppChallengeTests.xctest; sourceTree = BUILT_PRODUCTS_DIR; };
		983271D9272752B50010C63A /* DeliveryAppChallengeUITests.xctest */ = {isa = PBXFileReference; explicitFileType = wrapper.cfbundle; includeInIndex = 0; path = DeliveryAppChallengeUITests.xctest; sourceTree = BUILT_PRODUCTS_DIR; };
		983271DD272752B50010C63A /* DeliveryAppChallengeUITests.swift */ = {isa = PBXFileReference; lastKnownFileType = sourcecode.swift; path = DeliveryAppChallengeUITests.swift; sourceTree = "<group>"; };
		983271DF272752B50010C63A /* DeliveryAppChallengeUITestsLaunchTests.swift */ = {isa = PBXFileReference; lastKnownFileType = sourcecode.swift; path = DeliveryAppChallengeUITestsLaunchTests.swift; sourceTree = "<group>"; };
		F5912B1D273C3E5B00A71644 /* RestaurantListDataSourceTests.swift */ = {isa = PBXFileReference; lastKnownFileType = sourcecode.swift; path = RestaurantListDataSourceTests.swift; sourceTree = "<group>"; };
		F5912B1F273C3F9500A71644 /* NetworkManagerStub.swift */ = {isa = PBXFileReference; lastKnownFileType = sourcecode.swift; path = NetworkManagerStub.swift; sourceTree = "<group>"; };
/* End PBXFileReference section */

/* Begin PBXFrameworksBuildPhase section */
		983271B6272752AF0010C63A /* Frameworks */ = {
			isa = PBXFrameworksBuildPhase;
			buildActionMask = 2147483647;
			files = (
				E596465C2A8F94900022D8AE /* FeaturesPack in Frameworks */,
				E59646602A8F94E20022D8AE /* CoreModules in Frameworks */,
				E596465E2A8F94900022D8AE /* UIFoundations in Frameworks */,
			);
			runOnlyForDeploymentPostprocessing = 0;
		};
		983271CC272752B50010C63A /* Frameworks */ = {
			isa = PBXFrameworksBuildPhase;
			buildActionMask = 2147483647;
			files = (
			);
			runOnlyForDeploymentPostprocessing = 0;
		};
		983271D6272752B50010C63A /* Frameworks */ = {
			isa = PBXFrameworksBuildPhase;
			buildActionMask = 2147483647;
			files = (
			);
			runOnlyForDeploymentPostprocessing = 0;
		};
/* End PBXFrameworksBuildPhase section */

/* Begin PBXGroup section */
		74E4A5B0273999DC007FA4DB /* Mocks */ = {
			isa = PBXGroup;
			children = (
				74E4A5AD2739998D007FA4DB /* NetworkManagerMocks.swift */,
				F5912B1F273C3F9500A71644 /* NetworkManagerStub.swift */,
				744714F62735D71100FA3052 /* URLSessionProtocolStub.swift */,
			);
			path = Mocks;
			sourceTree = "<group>";
		};
		983271B0272752AF0010C63A = {
			isa = PBXGroup;
			children = (
				983271BB272752AF0010C63A /* DeliveryAppChallenge */,
				983271D2272752B50010C63A /* DeliveryAppChallengeTests */,
				983271DC272752B50010C63A /* DeliveryAppChallengeUITests */,
				983271BA272752AF0010C63A /* Products */,
				E593938128AFD8990048A4CD /* Frameworks */,
			);
			sourceTree = "<group>";
		};
		983271BA272752AF0010C63A /* Products */ = {
			isa = PBXGroup;
			children = (
				983271B9272752AF0010C63A /* DeliveryAppChallenge.app */,
				983271CF272752B50010C63A /* DeliveryAppChallengeTests.xctest */,
				983271D9272752B50010C63A /* DeliveryAppChallengeUITests.xctest */,
			);
			name = Products;
			sourceTree = "<group>";
		};
		983271BB272752AF0010C63A /* DeliveryAppChallenge */ = {
			isa = PBXGroup;
			children = (
				983271EC272752C50010C63A /* Resources */,
				983271ED272752D20010C63A /* AppDelegate */,
			);
			path = DeliveryAppChallenge;
			sourceTree = "<group>";
		};
		983271D2272752B50010C63A /* DeliveryAppChallengeTests */ = {
			isa = PBXGroup;
			children = (
				74E4A5B0273999DC007FA4DB /* Mocks */,
				7415B448273334B200CE8273 /* NetworkManagerTests.swift */,
				F5912B1D273C3E5B00A71644 /* RestaurantListDataSourceTests.swift */,
			);
			path = DeliveryAppChallengeTests;
			sourceTree = "<group>";
		};
		983271DC272752B50010C63A /* DeliveryAppChallengeUITests */ = {
			isa = PBXGroup;
			children = (
				983271DD272752B50010C63A /* DeliveryAppChallengeUITests.swift */,
				983271DF272752B50010C63A /* DeliveryAppChallengeUITestsLaunchTests.swift */,
			);
			path = DeliveryAppChallengeUITests;
			sourceTree = "<group>";
		};
		983271EC272752C50010C63A /* Resources */ = {
			isa = PBXGroup;
			children = (
				983271C5272752B50010C63A /* Assets.xcassets */,
				983271C7272752B50010C63A /* LaunchScreen.storyboard */,
				983271CA272752B50010C63A /* Info.plist */,
			);
			path = Resources;
			sourceTree = "<group>";
		};
		983271ED272752D20010C63A /* AppDelegate */ = {
			isa = PBXGroup;
			children = (
				983271BC272752AF0010C63A /* AppDelegate.swift */,
				983271BE272752AF0010C63A /* SceneDelegate.swift */,
			);
			path = AppDelegate;
			sourceTree = "<group>";
		};
		E593938128AFD8990048A4CD /* Frameworks */ = {
			isa = PBXGroup;
			children = (
			);
			name = Frameworks;
			sourceTree = "<group>";
		};
/* End PBXGroup section */

/* Begin PBXNativeTarget section */
		983271B8272752AF0010C63A /* DeliveryAppChallenge */ = {
			isa = PBXNativeTarget;
			buildConfigurationList = 983271E3272752B50010C63A /* Build configuration list for PBXNativeTarget "DeliveryAppChallenge" */;
			buildPhases = (
				983271B5272752AF0010C63A /* Sources */,
				983271B6272752AF0010C63A /* Frameworks */,
				983271B7272752AF0010C63A /* Resources */,
			);
			buildRules = (
			);
			dependencies = (
			);
			name = DeliveryAppChallenge;
			packageProductDependencies = (
				E596465B2A8F94900022D8AE /* FeaturesPack */,
				E596465D2A8F94900022D8AE /* UIFoundations */,
				E596465F2A8F94E20022D8AE /* CoreModules */,
			);
			productName = DeliveryAppChallenge;
			productReference = 983271B9272752AF0010C63A /* DeliveryAppChallenge.app */;
			productType = "com.apple.product-type.application";
		};
		983271CE272752B50010C63A /* DeliveryAppChallengeTests */ = {
			isa = PBXNativeTarget;
			buildConfigurationList = 983271E6272752B50010C63A /* Build configuration list for PBXNativeTarget "DeliveryAppChallengeTests" */;
			buildPhases = (
				983271CB272752B50010C63A /* Sources */,
				983271CC272752B50010C63A /* Frameworks */,
				983271CD272752B50010C63A /* Resources */,
			);
			buildRules = (
			);
			dependencies = (
				983271D1272752B50010C63A /* PBXTargetDependency */,
			);
			name = DeliveryAppChallengeTests;
			productName = DeliveryAppChallengeTests;
			productReference = 983271CF272752B50010C63A /* DeliveryAppChallengeTests.xctest */;
			productType = "com.apple.product-type.bundle.unit-test";
		};
		983271D8272752B50010C63A /* DeliveryAppChallengeUITests */ = {
			isa = PBXNativeTarget;
			buildConfigurationList = 983271E9272752B50010C63A /* Build configuration list for PBXNativeTarget "DeliveryAppChallengeUITests" */;
			buildPhases = (
				983271D5272752B50010C63A /* Sources */,
				983271D6272752B50010C63A /* Frameworks */,
				983271D7272752B50010C63A /* Resources */,
			);
			buildRules = (
			);
			dependencies = (
				983271DB272752B50010C63A /* PBXTargetDependency */,
			);
			name = DeliveryAppChallengeUITests;
			productName = DeliveryAppChallengeUITests;
			productReference = 983271D9272752B50010C63A /* DeliveryAppChallengeUITests.xctest */;
			productType = "com.apple.product-type.bundle.ui-testing";
		};
/* End PBXNativeTarget section */

/* Begin PBXProject section */
		983271B1272752AF0010C63A /* Project object */ = {
			isa = PBXProject;
			attributes = {
				BuildIndependentTargetsInParallel = 1;
				LastSwiftUpdateCheck = 1300;
				LastUpgradeCheck = 1300;
				TargetAttributes = {
					983271B8272752AF0010C63A = {
						CreatedOnToolsVersion = 13.0;
					};
					983271CE272752B50010C63A = {
						CreatedOnToolsVersion = 13.0;
						TestTargetID = 983271B8272752AF0010C63A;
					};
					983271D8272752B50010C63A = {
						CreatedOnToolsVersion = 13.0;
						TestTargetID = 983271B8272752AF0010C63A;
					};
				};
			};
			buildConfigurationList = 983271B4272752AF0010C63A /* Build configuration list for PBXProject "DeliveryAppChallenge" */;
			compatibilityVersion = "Xcode 13.0";
			developmentRegion = en;
			hasScannedForEncodings = 0;
			knownRegions = (
				en,
				Base,
			);
			mainGroup = 983271B0272752AF0010C63A;
			productRefGroup = 983271BA272752AF0010C63A /* Products */;
			projectDirPath = "";
			projectRoot = "";
			targets = (
				983271B8272752AF0010C63A /* DeliveryAppChallenge */,
				983271CE272752B50010C63A /* DeliveryAppChallengeTests */,
				983271D8272752B50010C63A /* DeliveryAppChallengeUITests */,
			);
		};
/* End PBXProject section */

/* Begin PBXResourcesBuildPhase section */
		983271B7272752AF0010C63A /* Resources */ = {
			isa = PBXResourcesBuildPhase;
			buildActionMask = 2147483647;
			files = (
				983271C9272752B50010C63A /* LaunchScreen.storyboard in Resources */,
				983271C6272752B50010C63A /* Assets.xcassets in Resources */,
			);
			runOnlyForDeploymentPostprocessing = 0;
		};
		983271CD272752B50010C63A /* Resources */ = {
			isa = PBXResourcesBuildPhase;
			buildActionMask = 2147483647;
			files = (
			);
			runOnlyForDeploymentPostprocessing = 0;
		};
		983271D7272752B50010C63A /* Resources */ = {
			isa = PBXResourcesBuildPhase;
			buildActionMask = 2147483647;
			files = (
			);
			runOnlyForDeploymentPostprocessing = 0;
		};
/* End PBXResourcesBuildPhase section */

/* Begin PBXSourcesBuildPhase section */
		983271B5272752AF0010C63A /* Sources */ = {
			isa = PBXSourcesBuildPhase;
			buildActionMask = 2147483647;
			files = (
				983271BD272752AF0010C63A /* AppDelegate.swift in Sources */,
				983271BF272752AF0010C63A /* SceneDelegate.swift in Sources */,
			);
			runOnlyForDeploymentPostprocessing = 0;
		};
		983271CB272752B50010C63A /* Sources */ = {
			isa = PBXSourcesBuildPhase;
			buildActionMask = 2147483647;
			files = (
				7415B449273334B200CE8273 /* NetworkManagerTests.swift in Sources */,
				744714F72735D71100FA3052 /* URLSessionProtocolStub.swift in Sources */,
				F5912B1E273C3E5B00A71644 /* RestaurantListDataSourceTests.swift in Sources */,
				74E4A5AF273999AD007FA4DB /* NetworkManagerMocks.swift in Sources */,
				F5912B20273C3F9500A71644 /* NetworkManagerStub.swift in Sources */,
			);
			runOnlyForDeploymentPostprocessing = 0;
		};
		983271D5272752B50010C63A /* Sources */ = {
			isa = PBXSourcesBuildPhase;
			buildActionMask = 2147483647;
			files = (
				983271E0272752B50010C63A /* DeliveryAppChallengeUITestsLaunchTests.swift in Sources */,
				983271DE272752B50010C63A /* DeliveryAppChallengeUITests.swift in Sources */,
			);
			runOnlyForDeploymentPostprocessing = 0;
		};
/* End PBXSourcesBuildPhase section */

/* Begin PBXTargetDependency section */
		983271D1272752B50010C63A /* PBXTargetDependency */ = {
			isa = PBXTargetDependency;
			target = 983271B8272752AF0010C63A /* DeliveryAppChallenge */;
			targetProxy = 983271D0272752B50010C63A /* PBXContainerItemProxy */;
		};
		983271DB272752B50010C63A /* PBXTargetDependency */ = {
			isa = PBXTargetDependency;
			target = 983271B8272752AF0010C63A /* DeliveryAppChallenge */;
			targetProxy = 983271DA272752B50010C63A /* PBXContainerItemProxy */;
		};
/* End PBXTargetDependency section */

/* Begin PBXVariantGroup section */
		983271C7272752B50010C63A /* LaunchScreen.storyboard */ = {
			isa = PBXVariantGroup;
			children = (
				983271C8272752B50010C63A /* Base */,
			);
			name = LaunchScreen.storyboard;
			sourceTree = "<group>";
		};
/* End PBXVariantGroup section */

/* Begin XCBuildConfiguration section */
		983271E1272752B50010C63A /* Debug */ = {
			isa = XCBuildConfiguration;
			buildSettings = {
				ALWAYS_SEARCH_USER_PATHS = NO;
				CLANG_ANALYZER_NONNULL = YES;
				CLANG_ANALYZER_NUMBER_OBJECT_CONVERSION = YES_AGGRESSIVE;
				CLANG_CXX_LANGUAGE_STANDARD = "gnu++17";
				CLANG_CXX_LIBRARY = "libc++";
				CLANG_ENABLE_MODULES = YES;
				CLANG_ENABLE_OBJC_ARC = YES;
				CLANG_ENABLE_OBJC_WEAK = YES;
				CLANG_WARN_BLOCK_CAPTURE_AUTORELEASING = YES;
				CLANG_WARN_BOOL_CONVERSION = YES;
				CLANG_WARN_COMMA = YES;
				CLANG_WARN_CONSTANT_CONVERSION = YES;
				CLANG_WARN_DEPRECATED_OBJC_IMPLEMENTATIONS = YES;
				CLANG_WARN_DIRECT_OBJC_ISA_USAGE = YES_ERROR;
				CLANG_WARN_DOCUMENTATION_COMMENTS = YES;
				CLANG_WARN_EMPTY_BODY = YES;
				CLANG_WARN_ENUM_CONVERSION = YES;
				CLANG_WARN_INFINITE_RECURSION = YES;
				CLANG_WARN_INT_CONVERSION = YES;
				CLANG_WARN_NON_LITERAL_NULL_CONVERSION = YES;
				CLANG_WARN_OBJC_IMPLICIT_RETAIN_SELF = YES;
				CLANG_WARN_OBJC_LITERAL_CONVERSION = YES;
				CLANG_WARN_OBJC_ROOT_CLASS = YES_ERROR;
				CLANG_WARN_QUOTED_INCLUDE_IN_FRAMEWORK_HEADER = YES;
				CLANG_WARN_RANGE_LOOP_ANALYSIS = YES;
				CLANG_WARN_STRICT_PROTOTYPES = YES;
				CLANG_WARN_SUSPICIOUS_MOVE = YES;
				CLANG_WARN_UNGUARDED_AVAILABILITY = YES_AGGRESSIVE;
				CLANG_WARN_UNREACHABLE_CODE = YES;
				CLANG_WARN__DUPLICATE_METHOD_MATCH = YES;
				COPY_PHASE_STRIP = NO;
				DEBUG_INFORMATION_FORMAT = dwarf;
				ENABLE_STRICT_OBJC_MSGSEND = YES;
				ENABLE_TESTABILITY = YES;
				GCC_C_LANGUAGE_STANDARD = gnu11;
				GCC_DYNAMIC_NO_PIC = NO;
				GCC_NO_COMMON_BLOCKS = YES;
				GCC_OPTIMIZATION_LEVEL = 0;
				GCC_PREPROCESSOR_DEFINITIONS = (
					"DEBUG=1",
					"$(inherited)",
				);
				GCC_WARN_64_TO_32_BIT_CONVERSION = YES;
				GCC_WARN_ABOUT_RETURN_TYPE = YES_ERROR;
				GCC_WARN_UNDECLARED_SELECTOR = YES;
				GCC_WARN_UNINITIALIZED_AUTOS = YES_AGGRESSIVE;
				GCC_WARN_UNUSED_FUNCTION = YES;
				GCC_WARN_UNUSED_VARIABLE = YES;
				IPHONEOS_DEPLOYMENT_TARGET = 16.4;
				MTL_ENABLE_DEBUG_INFO = INCLUDE_SOURCE;
				MTL_FAST_MATH = YES;
				ONLY_ACTIVE_ARCH = YES;
				SDKROOT = iphoneos;
				SWIFT_ACTIVE_COMPILATION_CONDITIONS = DEBUG;
				SWIFT_OPTIMIZATION_LEVEL = "-Onone";
			};
			name = Debug;
		};
		983271E2272752B50010C63A /* Release */ = {
			isa = XCBuildConfiguration;
			buildSettings = {
				ALWAYS_SEARCH_USER_PATHS = NO;
				CLANG_ANALYZER_NONNULL = YES;
				CLANG_ANALYZER_NUMBER_OBJECT_CONVERSION = YES_AGGRESSIVE;
				CLANG_CXX_LANGUAGE_STANDARD = "gnu++17";
				CLANG_CXX_LIBRARY = "libc++";
				CLANG_ENABLE_MODULES = YES;
				CLANG_ENABLE_OBJC_ARC = YES;
				CLANG_ENABLE_OBJC_WEAK = YES;
				CLANG_WARN_BLOCK_CAPTURE_AUTORELEASING = YES;
				CLANG_WARN_BOOL_CONVERSION = YES;
				CLANG_WARN_COMMA = YES;
				CLANG_WARN_CONSTANT_CONVERSION = YES;
				CLANG_WARN_DEPRECATED_OBJC_IMPLEMENTATIONS = YES;
				CLANG_WARN_DIRECT_OBJC_ISA_USAGE = YES_ERROR;
				CLANG_WARN_DOCUMENTATION_COMMENTS = YES;
				CLANG_WARN_EMPTY_BODY = YES;
				CLANG_WARN_ENUM_CONVERSION = YES;
				CLANG_WARN_INFINITE_RECURSION = YES;
				CLANG_WARN_INT_CONVERSION = YES;
				CLANG_WARN_NON_LITERAL_NULL_CONVERSION = YES;
				CLANG_WARN_OBJC_IMPLICIT_RETAIN_SELF = YES;
				CLANG_WARN_OBJC_LITERAL_CONVERSION = YES;
				CLANG_WARN_OBJC_ROOT_CLASS = YES_ERROR;
				CLANG_WARN_QUOTED_INCLUDE_IN_FRAMEWORK_HEADER = YES;
				CLANG_WARN_RANGE_LOOP_ANALYSIS = YES;
				CLANG_WARN_STRICT_PROTOTYPES = YES;
				CLANG_WARN_SUSPICIOUS_MOVE = YES;
				CLANG_WARN_UNGUARDED_AVAILABILITY = YES_AGGRESSIVE;
				CLANG_WARN_UNREACHABLE_CODE = YES;
				CLANG_WARN__DUPLICATE_METHOD_MATCH = YES;
				COPY_PHASE_STRIP = NO;
				DEBUG_INFORMATION_FORMAT = "dwarf-with-dsym";
				ENABLE_NS_ASSERTIONS = NO;
				ENABLE_STRICT_OBJC_MSGSEND = YES;
				GCC_C_LANGUAGE_STANDARD = gnu11;
				GCC_NO_COMMON_BLOCKS = YES;
				GCC_WARN_64_TO_32_BIT_CONVERSION = YES;
				GCC_WARN_ABOUT_RETURN_TYPE = YES_ERROR;
				GCC_WARN_UNDECLARED_SELECTOR = YES;
				GCC_WARN_UNINITIALIZED_AUTOS = YES_AGGRESSIVE;
				GCC_WARN_UNUSED_FUNCTION = YES;
				GCC_WARN_UNUSED_VARIABLE = YES;
				IPHONEOS_DEPLOYMENT_TARGET = 16.4;
				MTL_ENABLE_DEBUG_INFO = NO;
				MTL_FAST_MATH = YES;
				SDKROOT = iphoneos;
				SWIFT_COMPILATION_MODE = wholemodule;
				SWIFT_OPTIMIZATION_LEVEL = "-O";
				VALIDATE_PRODUCT = YES;
			};
			name = Release;
		};
		983271E4272752B50010C63A /* Debug */ = {
			isa = XCBuildConfiguration;
			buildSettings = {
				ASSETCATALOG_COMPILER_APPICON_NAME = AppIcon;
				ASSETCATALOG_COMPILER_GLOBAL_ACCENT_COLOR_NAME = AccentColor;
				CODE_SIGN_IDENTITY = "Apple Development";
				CODE_SIGN_STYLE = Automatic;
				CURRENT_PROJECT_VERSION = 1;
				DEVELOPMENT_TEAM = 6BD69EF9D7;
				GENERATE_INFOPLIST_FILE = YES;
				INFOPLIST_FILE = DeliveryAppChallenge/Resources/Info.plist;
				INFOPLIST_KEY_UIApplicationSupportsIndirectInputEvents = YES;
				INFOPLIST_KEY_UILaunchStoryboardName = LaunchScreen;
				INFOPLIST_KEY_UIMainStoryboardFile = LaunchScreen;
				INFOPLIST_KEY_UISupportedInterfaceOrientations_iPad = "UIInterfaceOrientationPortrait UIInterfaceOrientationPortraitUpsideDown UIInterfaceOrientationLandscapeLeft UIInterfaceOrientationLandscapeRight";
				INFOPLIST_KEY_UISupportedInterfaceOrientations_iPhone = "UIInterfaceOrientationPortrait UIInterfaceOrientationLandscapeLeft UIInterfaceOrientationLandscapeRight";
				IPHONEOS_DEPLOYMENT_TARGET = 16.1;
				LD_RUNPATH_SEARCH_PATHS = (
					"$(inherited)",
					"@executable_path/Frameworks",
				);
				MARKETING_VERSION = 1.0;
				PRODUCT_BUNDLE_IDENTIFIER = com.gh.deliveryapp;
				PRODUCT_NAME = "$(TARGET_NAME)";
				PROVISIONING_PROFILE_SPECIFIER = "";
				SWIFT_EMIT_LOC_STRINGS = YES;
				SWIFT_VERSION = 5.0;
				TARGETED_DEVICE_FAMILY = "1,2";
			};
			name = Debug;
		};
		983271E5272752B50010C63A /* Release */ = {
			isa = XCBuildConfiguration;
			buildSettings = {
				ASSETCATALOG_COMPILER_APPICON_NAME = AppIcon;
				ASSETCATALOG_COMPILER_GLOBAL_ACCENT_COLOR_NAME = AccentColor;
				CODE_SIGN_IDENTITY = "Apple Development";
				CODE_SIGN_STYLE = Automatic;
				CURRENT_PROJECT_VERSION = 1;
				DEVELOPMENT_TEAM = 6BD69EF9D7;
				GENERATE_INFOPLIST_FILE = YES;
				INFOPLIST_FILE = DeliveryAppChallenge/Resources/Info.plist;
				INFOPLIST_KEY_UIApplicationSupportsIndirectInputEvents = YES;
				INFOPLIST_KEY_UILaunchStoryboardName = LaunchScreen;
				INFOPLIST_KEY_UIMainStoryboardFile = LaunchScreen;
				INFOPLIST_KEY_UISupportedInterfaceOrientations_iPad = "UIInterfaceOrientationPortrait UIInterfaceOrientationPortraitUpsideDown UIInterfaceOrientationLandscapeLeft UIInterfaceOrientationLandscapeRight";
				INFOPLIST_KEY_UISupportedInterfaceOrientations_iPhone = "UIInterfaceOrientationPortrait UIInterfaceOrientationLandscapeLeft UIInterfaceOrientationLandscapeRight";
				IPHONEOS_DEPLOYMENT_TARGET = 16.1;
				LD_RUNPATH_SEARCH_PATHS = (
					"$(inherited)",
					"@executable_path/Frameworks",
				);
				MARKETING_VERSION = 1.0;
				PRODUCT_BUNDLE_IDENTIFIER = com.gh.deliveryapp;
				PRODUCT_NAME = "$(TARGET_NAME)";
				PROVISIONING_PROFILE_SPECIFIER = "";
				SWIFT_EMIT_LOC_STRINGS = YES;
				SWIFT_VERSION = 5.0;
				TARGETED_DEVICE_FAMILY = "1,2";
			};
			name = Release;
		};
		983271E7272752B50010C63A /* Debug */ = {
			isa = XCBuildConfiguration;
			buildSettings = {
				ALWAYS_EMBED_SWIFT_STANDARD_LIBRARIES = YES;
				BUNDLE_LOADER = "$(TEST_HOST)";
				CODE_SIGN_IDENTITY = "Apple Development";
				CODE_SIGN_STYLE = Automatic;
				CURRENT_PROJECT_VERSION = 1;
				DEVELOPMENT_TEAM = 6BD69EF9D7;
				GENERATE_INFOPLIST_FILE = YES;
				IPHONEOS_DEPLOYMENT_TARGET = 15.0;
				LD_RUNPATH_SEARCH_PATHS = (
					"$(inherited)",
					"@executable_path/Frameworks",
					"@loader_path/Frameworks",
				);
				MARKETING_VERSION = 1.0;
				PRODUCT_BUNDLE_IDENTIFIER = com.gh.deliveryappTests;
				PRODUCT_NAME = "$(TARGET_NAME)";
				PROVISIONING_PROFILE_SPECIFIER = "";
				SWIFT_EMIT_LOC_STRINGS = NO;
				SWIFT_VERSION = 5.0;
				TARGETED_DEVICE_FAMILY = "1,2";
				TEST_HOST = "$(BUILT_PRODUCTS_DIR)/DeliveryAppChallenge.app/DeliveryAppChallenge";
			};
			name = Debug;
		};
		983271E8272752B50010C63A /* Release */ = {
			isa = XCBuildConfiguration;
			buildSettings = {
				ALWAYS_EMBED_SWIFT_STANDARD_LIBRARIES = YES;
				BUNDLE_LOADER = "$(TEST_HOST)";
				CODE_SIGN_IDENTITY = "Apple Development";
				CODE_SIGN_STYLE = Automatic;
				CURRENT_PROJECT_VERSION = 1;
				DEVELOPMENT_TEAM = 6BD69EF9D7;
				GENERATE_INFOPLIST_FILE = YES;
				IPHONEOS_DEPLOYMENT_TARGET = 15.0;
				LD_RUNPATH_SEARCH_PATHS = (
					"$(inherited)",
					"@executable_path/Frameworks",
					"@loader_path/Frameworks",
				);
				MARKETING_VERSION = 1.0;
				PRODUCT_BUNDLE_IDENTIFIER = com.gh.deliveryappTests;
				PRODUCT_NAME = "$(TARGET_NAME)";
				PROVISIONING_PROFILE_SPECIFIER = "";
				SWIFT_EMIT_LOC_STRINGS = NO;
				SWIFT_VERSION = 5.0;
				TARGETED_DEVICE_FAMILY = "1,2";
				TEST_HOST = "$(BUILT_PRODUCTS_DIR)/DeliveryAppChallenge.app/DeliveryAppChallenge";
			};
			name = Release;
		};
		983271EA272752B50010C63A /* Debug */ = {
			isa = XCBuildConfiguration;
			buildSettings = {
				ALWAYS_EMBED_SWIFT_STANDARD_LIBRARIES = YES;
				CODE_SIGN_IDENTITY = "Apple Development";
				CODE_SIGN_STYLE = Automatic;
				CURRENT_PROJECT_VERSION = 1;
				DEVELOPMENT_TEAM = 6BD69EF9D7;
				GENERATE_INFOPLIST_FILE = YES;
				LD_RUNPATH_SEARCH_PATHS = (
					"$(inherited)",
					"@executable_path/Frameworks",
					"@loader_path/Frameworks",
				);
				MARKETING_VERSION = 1.0;
				PRODUCT_BUNDLE_IDENTIFIER = com.gh.deliveryappUITests;
				PRODUCT_NAME = "$(TARGET_NAME)";
				PROVISIONING_PROFILE_SPECIFIER = "";
				SWIFT_EMIT_LOC_STRINGS = NO;
				SWIFT_VERSION = 5.0;
				TARGETED_DEVICE_FAMILY = "1,2";
				TEST_TARGET_NAME = DeliveryAppChallenge;
			};
			name = Debug;
		};
		983271EB272752B50010C63A /* Release */ = {
			isa = XCBuildConfiguration;
			buildSettings = {
				ALWAYS_EMBED_SWIFT_STANDARD_LIBRARIES = YES;
				CODE_SIGN_IDENTITY = "Apple Development";
				CODE_SIGN_STYLE = Automatic;
				CURRENT_PROJECT_VERSION = 1;
				DEVELOPMENT_TEAM = 6BD69EF9D7;
				GENERATE_INFOPLIST_FILE = YES;
				LD_RUNPATH_SEARCH_PATHS = (
					"$(inherited)",
					"@executable_path/Frameworks",
					"@loader_path/Frameworks",
				);
				MARKETING_VERSION = 1.0;
				PRODUCT_BUNDLE_IDENTIFIER = com.gh.deliveryappUITests;
				PRODUCT_NAME = "$(TARGET_NAME)";
				PROVISIONING_PROFILE_SPECIFIER = "";
				SWIFT_EMIT_LOC_STRINGS = NO;
				SWIFT_VERSION = 5.0;
				TARGETED_DEVICE_FAMILY = "1,2";
				TEST_TARGET_NAME = DeliveryAppChallenge;
			};
			name = Release;
		};
/* End XCBuildConfiguration section */

/* Begin XCConfigurationList section */
		983271B4272752AF0010C63A /* Build configuration list for PBXProject "DeliveryAppChallenge" */ = {
			isa = XCConfigurationList;
			buildConfigurations = (
				983271E1272752B50010C63A /* Debug */,
				983271E2272752B50010C63A /* Release */,
			);
			defaultConfigurationIsVisible = 0;
			defaultConfigurationName = Release;
		};
		983271E3272752B50010C63A /* Build configuration list for PBXNativeTarget "DeliveryAppChallenge" */ = {
			isa = XCConfigurationList;
			buildConfigurations = (
				983271E4272752B50010C63A /* Debug */,
				983271E5272752B50010C63A /* Release */,
			);
			defaultConfigurationIsVisible = 0;
			defaultConfigurationName = Release;
		};
		983271E6272752B50010C63A /* Build configuration list for PBXNativeTarget "DeliveryAppChallengeTests" */ = {
			isa = XCConfigurationList;
			buildConfigurations = (
				983271E7272752B50010C63A /* Debug */,
				983271E8272752B50010C63A /* Release */,
			);
			defaultConfigurationIsVisible = 0;
			defaultConfigurationName = Release;
		};
		983271E9272752B50010C63A /* Build configuration list for PBXNativeTarget "DeliveryAppChallengeUITests" */ = {
			isa = XCConfigurationList;
			buildConfigurations = (
				983271EA272752B50010C63A /* Debug */,
				983271EB272752B50010C63A /* Release */,
			);
			defaultConfigurationIsVisible = 0;
			defaultConfigurationName = Release;
		};
/* End XCConfigurationList section */

/* Begin XCSwiftPackageProductDependency section */
		E596465B2A8F94900022D8AE /* FeaturesPack */ = {
			isa = XCSwiftPackageProductDependency;
			productName = FeaturesPack;
		};
		E596465D2A8F94900022D8AE /* UIFoundations */ = {
			isa = XCSwiftPackageProductDependency;
			productName = UIFoundations;
		};
		E596465F2A8F94E20022D8AE /* CoreModules */ = {
			isa = XCSwiftPackageProductDependency;
			productName = CoreModules;
		};
/* End XCSwiftPackageProductDependency section */
	};
	rootObject = 983271B1272752AF0010C63A /* Project object */;
}
